// !$*UTF8*$!
{
	archiveVersion = 1;
	classes = {
	};
	objectVersion = 50;
	objects = {

/* Begin PBXBuildFile section */
		277EE51F22FA62140047875A /* AppDelegate.swift in Sources */ = {isa = PBXBuildFile; fileRef = 277EE51E22FA62140047875A /* AppDelegate.swift */; };
		277EE52422FA62140047875A /* Main.storyboard in Resources */ = {isa = PBXBuildFile; fileRef = 277EE52222FA62140047875A /* Main.storyboard */; };
		277EE52622FA62160047875A /* Assets.xcassets in Resources */ = {isa = PBXBuildFile; fileRef = 277EE52522FA62160047875A /* Assets.xcassets */; };
		277EE52922FA62160047875A /* LaunchScreen.storyboard in Resources */ = {isa = PBXBuildFile; fileRef = 277EE52722FA62160047875A /* LaunchScreen.storyboard */; };
		277EE53322FA6BD30047875A /* numberedViewController.swift in Sources */ = {isa = PBXBuildFile; fileRef = 277EE53222FA6BD30047875A /* numberedViewController.swift */; };
		277EE53522FA72E60047875A /* RedViewController.swift in Sources */ = {isa = PBXBuildFile; fileRef = 277EE53422FA72E60047875A /* RedViewController.swift */; };
		27D8022B23444CB100639A9A /* Purple.storyboard in Resources */ = {isa = PBXBuildFile; fileRef = 27D8022A23444CB100639A9A /* Purple.storyboard */; };
		27D8022D23444DC400639A9A /* Black.storyboard in Resources */ = {isa = PBXBuildFile; fileRef = 27D8022C23444DC400639A9A /* Black.storyboard */; };
/* End PBXBuildFile section */

/* Begin PBXFileReference section */
		277EE51B22FA62140047875A /* Screens.app */ = {isa = PBXFileReference; explicitFileType = wrapper.application; includeInIndex = 0; path = Screens.app; sourceTree = BUILT_PRODUCTS_DIR; };
		277EE51E22FA62140047875A /* AppDelegate.swift */ = {isa = PBXFileReference; lastKnownFileType = sourcecode.swift; path = AppDelegate.swift; sourceTree = "<group>"; };
		277EE52322FA62140047875A /* Base */ = {isa = PBXFileReference; lastKnownFileType = file.storyboard; name = Base; path = Base.lproj/Main.storyboard; sourceTree = "<group>"; };
		277EE52522FA62160047875A /* Assets.xcassets */ = {isa = PBXFileReference; lastKnownFileType = folder.assetcatalog; path = Assets.xcassets; sourceTree = "<group>"; };
		277EE52822FA62160047875A /* Base */ = {isa = PBXFileReference; lastKnownFileType = file.storyboard; name = Base; path = Base.lproj/LaunchScreen.storyboard; sourceTree = "<group>"; };
		277EE52A22FA62160047875A /* Info.plist */ = {isa = PBXFileReference; lastKnownFileType = text.plist.xml; path = Info.plist; sourceTree = "<group>"; };
		277EE53222FA6BD30047875A /* numberedViewController.swift */ = {isa = PBXFileReference; lastKnownFileType = sourcecode.swift; path = numberedViewController.swift; sourceTree = "<group>"; };
		277EE53422FA72E60047875A /* RedViewController.swift */ = {isa = PBXFileReference; lastKnownFileType = sourcecode.swift; path = RedViewController.swift; sourceTree = "<group>"; };
		27D8022A23444CB100639A9A /* Purple.storyboard */ = {isa = PBXFileReference; lastKnownFileType = file.storyboard; path = Purple.storyboard; sourceTree = "<group>"; };
		27D8022C23444DC400639A9A /* Black.storyboard */ = {isa = PBXFileReference; lastKnownFileType = file.storyboard; path = Black.storyboard; sourceTree = "<group>"; };
/* End PBXFileReference section */

/* Begin PBXFrameworksBuildPhase section */
		277EE51822FA62140047875A /* Frameworks */ = {
			isa = PBXFrameworksBuildPhase;
			buildActionMask = 2147483647;
			files = (
			);
			runOnlyForDeploymentPostprocessing = 0;
		};
/* End PBXFrameworksBuildPhase section */

/* Begin PBXGroup section */
		277EE51222FA62140047875A = {
			isa = PBXGroup;
			children = (
				277EE51D22FA62140047875A /* Screens */,
				277EE51C22FA62140047875A /* Products */,
			);
			sourceTree = "<group>";
		};
		277EE51C22FA62140047875A /* Products */ = {
			isa = PBXGroup;
			children = (
				277EE51B22FA62140047875A /* Screens.app */,
			);
			name = Products;
			sourceTree = "<group>";
		};
		277EE51D22FA62140047875A /* Screens */ = {
			isa = PBXGroup;
			children = (
				277EE51E22FA62140047875A /* AppDelegate.swift */,
				277EE52222FA62140047875A /* Main.storyboard */,
				27D8022C23444DC400639A9A /* Black.storyboard */,
				27D8022A23444CB100639A9A /* Purple.storyboard */,
				277EE52522FA62160047875A /* Assets.xcassets */,
				277EE52722FA62160047875A /* LaunchScreen.storyboard */,
				277EE52A22FA62160047875A /* Info.plist */,
				277EE53222FA6BD30047875A /* numberedViewController.swift */,
				277EE53422FA72E60047875A /* RedViewController.swift */,
			);
			path = Screens;
			sourceTree = "<group>";
		};
/* End PBXGroup section */

/* Begin PBXNativeTarget section */
		277EE51A22FA62140047875A /* Screens */ = {
			isa = PBXNativeTarget;
			buildConfigurationList = 277EE52D22FA62160047875A /* Build configuration list for PBXNativeTarget "Screens" */;
			buildPhases = (
				277EE51722FA62140047875A /* Sources */,
				277EE51822FA62140047875A /* Frameworks */,
				277EE51922FA62140047875A /* Resources */,
			);
			buildRules = (
			);
			dependencies = (
			);
			name = Screens;
			productName = Screens;
			productReference = 277EE51B22FA62140047875A /* Screens.app */;
			productType = "com.apple.product-type.application";
		};
/* End PBXNativeTarget section */

/* Begin PBXProject section */
		277EE51322FA62140047875A /* Project object */ = {
			isa = PBXProject;
			attributes = {
				LastSwiftUpdateCheck = 1020;
				LastUpgradeCheck = 1020;
				ORGANIZATIONNAME = "Joe Rogers";
				TargetAttributes = {
					277EE51A22FA62140047875A = {
						CreatedOnToolsVersion = 10.2.1;
					};
				};
			};
			buildConfigurationList = 277EE51622FA62140047875A /* Build configuration list for PBXProject "Screens" */;
			compatibilityVersion = "Xcode 9.3";
			developmentRegion = en;
			hasScannedForEncodings = 0;
			knownRegions = (
				en,
				Base,
			);
			mainGroup = 277EE51222FA62140047875A;
			productRefGroup = 277EE51C22FA62140047875A /* Products */;
			projectDirPath = "";
			projectRoot = "";
			targets = (
				277EE51A22FA62140047875A /* Screens */,
			);
		};
/* End PBXProject section */

/* Begin PBXResourcesBuildPhase section */
		277EE51922FA62140047875A /* Resources */ = {
			isa = PBXResourcesBuildPhase;
			buildActionMask = 2147483647;
			files = (
				27D8022B23444CB100639A9A /* Purple.storyboard in Resources */,
				277EE52922FA62160047875A /* LaunchScreen.storyboard in Resources */,
				277EE52622FA62160047875A /* Assets.xcassets in Resources */,
				277EE52422FA62140047875A /* Main.storyboard in Resources */,
				27D8022D23444DC400639A9A /* Black.storyboard in Resources */,
			);
			runOnlyForDeploymentPostprocessing = 0;
		};
/* End PBXResourcesBuildPhase section */

/* Begin PBXSourcesBuildPhase section */
		277EE51722FA62140047875A /* Sources */ = {
			isa = PBXSourcesBuildPhase;
			buildActionMask = 2147483647;
			files = (
				277EE53522FA72E60047875A /* RedViewController.swift in Sources */,
				277EE51F22FA62140047875A /* AppDelegate.swift in Sources */,
				277EE53322FA6BD30047875A /* numberedViewController.swift in Sources */,
			);
			runOnlyForDeploymentPostprocessing = 0;
		};
/* End PBXSourcesBuildPhase section */

/* Begin PBXVariantGroup section */
		277EE52222FA62140047875A /* Main.storyboard */ = {
			isa = PBXVariantGroup;
			children = (
				277EE52322FA62140047875A /* Base */,
			);
			name = Main.storyboard;
			sourceTree = "<group>";
		};
		277EE52722FA62160047875A /* LaunchScreen.storyboard */ = {
			isa = PBXVariantGroup;
			children = (
				277EE52822FA62160047875A /* Base */,
			);
			name = LaunchScreen.storyboard;
			sourceTree = "<group>";
		};
/* End PBXVariantGroup section */

/* Begin XCBuildConfiguration section */
		277EE52B22FA62160047875A /* Debug */ = {
			isa = XCBuildConfiguration;
			buildSettings = {
				ALWAYS_SEARCH_USER_PATHS = NO;
				CLANG_ANALYZER_NONNULL = YES;
				CLANG_ANALYZER_NUMBER_OBJECT_CONVERSION = YES_AGGRESSIVE;
				CLANG_CXX_LANGUAGE_STANDARD = "gnu++14";
				CLANG_CXX_LIBRARY = "libc++";
				CLANG_ENABLE_MODULES = YES;
				CLANG_ENABLE_OBJC_ARC = YES;
				CLANG_ENABLE_OBJC_WEAK = YES;
				CLANG_WARN_BLOCK_CAPTURE_AUTORELEASING = YES;
				CLANG_WARN_BOOL_CONVERSION = YES;
				CLANG_WARN_COMMA = YES;
				CLANG_WARN_CONSTANT_CONVERSION = YES;
				CLANG_WARN_DEPRECATED_OBJC_IMPLEMENTATIONS = YES;
				CLANG_WARN_DIRECT_OBJC_ISA_USAGE = YES_ERROR;
				CLANG_WARN_DOCUMENTATION_COMMENTS = YES;
				CLANG_WARN_EMPTY_BODY = YES;
				CLANG_WARN_ENUM_CONVERSION = YES;
				CLANG_WARN_INFINITE_RECURSION = YES;
				CLANG_WARN_INT_CONVERSION = YES;
				CLANG_WARN_NON_LITERAL_NULL_CONVERSION = YES;
				CLANG_WARN_OBJC_IMPLICIT_RETAIN_SELF = YES;
				CLANG_WARN_OBJC_LITERAL_CONVERSION = YES;
				CLANG_WARN_OBJC_ROOT_CLASS = YES_ERROR;
				CLANG_WARN_RANGE_LOOP_ANALYSIS = YES;
				CLANG_WARN_STRICT_PROTOTYPES = YES;
				CLANG_WARN_SUSPICIOUS_MOVE = YES;
				CLANG_WARN_UNGUARDED_AVAILABILITY = YES_AGGRESSIVE;
				CLANG_WARN_UNREACHABLE_CODE = YES;
				CLANG_WARN__DUPLICATE_METHOD_MATCH = YES;
				CODE_SIGN_IDENTITY = "iPhone Developer";
				COPY_PHASE_STRIP = NO;
				DEBUG_INFORMATION_FORMAT = dwarf;
				ENABLE_STRICT_OBJC_MSGSEND = YES;
				ENABLE_TESTABILITY = YES;
				GCC_C_LANGUAGE_STANDARD = gnu11;
				GCC_DYNAMIC_NO_PIC = NO;
				GCC_NO_COMMON_BLOCKS = YES;
				GCC_OPTIMIZATION_LEVEL = 0;
				GCC_PREPROCESSOR_DEFINITIONS = (
					"DEBUG=1",
					"$(inherited)",
				);
				GCC_WARN_64_TO_32_BIT_CONVERSION = YES;
				GCC_WARN_ABOUT_RETURN_TYPE = YES_ERROR;
				GCC_WARN_UNDECLARED_SELECTOR = YES;
				GCC_WARN_UNINITIALIZED_AUTOS = YES_AGGRESSIVE;
				GCC_WARN_UNUSED_FUNCTION = YES;
				GCC_WARN_UNUSED_VARIABLE = YES;
				IPHONEOS_DEPLOYMENT_TARGET = 12.2;
				MTL_ENABLE_DEBUG_INFO = INCLUDE_SOURCE;
				MTL_FAST_MATH = YES;
				ONLY_ACTIVE_ARCH = YES;
				SDKROOT = iphoneos;
				SWIFT_ACTIVE_COMPILATION_CONDITIONS = DEBUG;
				SWIFT_OPTIMIZATION_LEVEL = "-Onone";
			};
			name = Debug;
		};
		277EE52C22FA62160047875A /* Release */ = {
			isa = XCBuildConfiguration;
			buildSettings = {
				ALWAYS_SEARCH_USER_PATHS = NO;
				CLANG_ANALYZER_NONNULL = YES;
				CLANG_ANALYZER_NUMBER_OBJECT_CONVERSION = YES_AGGRESSIVE;
				CLANG_CXX_LANGUAGE_STANDARD = "gnu++14";
				CLANG_CXX_LIBRARY = "libc++";
				CLANG_ENABLE_MODULES = YES;
				CLANG_ENABLE_OBJC_ARC = YES;
				CLANG_ENABLE_OBJC_WEAK = YES;
				CLANG_WARN_BLOCK_CAPTURE_AUTORELEASING = YES;
				CLANG_WARN_BOOL_CONVERSION = YES;
				CLANG_WARN_COMMA = YES;
				CLANG_WARN_CONSTANT_CONVERSION = YES;
				CLANG_WARN_DEPRECATED_OBJC_IMPLEMENTATIONS = YES;
				CLANG_WARN_DIRECT_OBJC_ISA_USAGE = YES_ERROR;
				CLANG_WARN_DOCUMENTATION_COMMENTS = YES;
				CLANG_WARN_EMPTY_BODY = YES;
				CLANG_WARN_ENUM_CONVERSION = YES;
				CLANG_WARN_INFINITE_RECURSION = YES;
				CLANG_WARN_INT_CONVERSION = YES;
				CLANG_WARN_NON_LITERAL_NULL_CONVERSION = YES;
				CLANG_WARN_OBJC_IMPLICIT_RETAIN_SELF = YES;
				CLANG_WARN_OBJC_LITERAL_CONVERSION = YES;
				CLANG_WARN_OBJC_ROOT_CLASS = YES_ERROR;
				CLANG_WARN_RANGE_LOOP_ANALYSIS = YES;
				CLANG_WARN_STRICT_PROTOTYPES = YES;
				CLANG_WARN_SUSPICIOUS_MOVE = YES;
				CLANG_WARN_UNGUARDED_AVAILABILITY = YES_AGGRESSIVE;
				CLANG_WARN_UNREACHABLE_CODE = YES;
				CLANG_WARN__DUPLICATE_METHOD_MATCH = YES;
				CODE_SIGN_IDENTITY = "iPhone Developer";
				COPY_PHASE_STRIP = NO;
				DEBUG_INFORMATION_FORMAT = "dwarf-with-dsym";
				ENABLE_NS_ASSERTIONS = NO;
				ENABLE_STRICT_OBJC_MSGSEND = YES;
				GCC_C_LANGUAGE_STANDARD = gnu11;
				GCC_NO_COMMON_BLOCKS = YES;
				GCC_WARN_64_TO_32_BIT_CONVERSION = YES;
				GCC_WARN_ABOUT_RETURN_TYPE = YES_ERROR;
				GCC_WARN_UNDECLARED_SELECTOR = YES;
				GCC_WARN_UNINITIALIZED_AUTOS = YES_AGGRESSIVE;
				GCC_WARN_UNUSED_FUNCTION = YES;
				GCC_WARN_UNUSED_VARIABLE = YES;
				IPHONEOS_DEPLOYMENT_TARGET = 12.2;
				MTL_ENABLE_DEBUG_INFO = NO;
				MTL_FAST_MATH = YES;
				SDKROOT = iphoneos;
				SWIFT_COMPILATION_MODE = wholemodule;
				SWIFT_OPTIMIZATION_LEVEL = "-O";
				VALIDATE_PRODUCT = YES;
			};
			name = Release;
		};
		277EE52E22FA62160047875A /* Debug */ = {
			isa = XCBuildConfiguration;
			buildSettings = {
				ASSETCATALOG_COMPILER_APPICON_NAME = AppIcon;
				CODE_SIGN_STYLE = Automatic;
				DEVELOPMENT_TEAM = HL3XLM68NV;
				INFOPLIST_FILE = Screens/Info.plist;
				LD_RUNPATH_SEARCH_PATHS = (
					"$(inherited)",
					"@executable_path/Frameworks",
				);
				PRODUCT_BUNDLE_IDENTIFIER = com.JoeRogers.Screens;
				PRODUCT_NAME = "$(TARGET_NAME)";
				SWIFT_VERSION = 5.0;
				TARGETED_DEVICE_FAMILY = "1,2";
			};
			name = Debug;
		};
		277EE52F22FA62160047875A /* Release */ = {
			isa = XCBuildConfiguration;
			buildSettings = {
				ASSETCATALOG_COMPILER_APPICON_NAME = AppIcon;
				CODE_SIGN_STYLE = Automatic;
				DEVELOPMENT_TEAM = HL3XLM68NV;
				INFOPLIST_FILE = Screens/Info.plist;
				LD_RUNPATH_SEARCH_PATHS = (
					"$(inherited)",
					"@executable_path/Frameworks",
				);
				PRODUCT_BUNDLE_IDENTIFIER = com.JoeRogers.Screens;
				PRODUCT_NAME = "$(TARGET_NAME)";
				SWIFT_VERSION = 5.0;
				TARGETED_DEVICE_FAMILY = "1,2";
			};
			name = Release;
		};
/* End XCBuildConfiguration section */

/* Begin XCConfigurationList section */
		277EE51622FA62140047875A /* Build configuration list for PBXProject "Screens" */ = {
			isa = XCConfigurationList;
			buildConfigurations = (
				277EE52B22FA62160047875A /* Debug */,
				277EE52C22FA62160047875A /* Release */,
			);
			defaultConfigurationIsVisible = 0;
			defaultConfigurationName = Release;
		};
		277EE52D22FA62160047875A /* Build configuration list for PBXNativeTarget "Screens" */ = {
			isa = XCConfigurationList;
			buildConfigurations = (
				277EE52E22FA62160047875A /* Debug */,
				277EE52F22FA62160047875A /* Release */,
			);
			defaultConfigurationIsVisible = 0;
			defaultConfigurationName = Release;
		};
/* End XCConfigurationList section */
	};
	rootObject = 277EE51322FA62140047875A /* Project object */;
}
